
Microsoft Visual Studio Solution File, Format Version 12.00
# Visual Studio 15
VisualStudioVersion = 15.0.27703.2042
MinimumVisualStudioVersion = 10.0.40219.1
Project("{FAE04EC0-301F-11D3-BF4B-00C04F79EFBC}") = "ClassEnum", "ClassEnum\ClassEnum.csproj", "{75B341D2-45D8-4CE9-97A9-293BDA69317E}"
EndProject
Global
	GlobalSection(SolutionConfigurationPlatforms) = preSolution
		Debug|Any CPU = Debug|Any CPU
		Release|Any CPU = Release|Any CPU
	EndGlobalSection
	GlobalSection(ProjectConfigurationPlatforms) = postSolution
		{75B341D2-45D8-4CE9-97A9-293BDA69317E}.Debug|Any CPU.ActiveCfg = Debug|Any CPU
		{75B341D2-45D8-4CE9-97A9-293BDA69317E}.Debug|Any CPU.Build.0 = Debug|Any CPU
		{75B341D2-45D8-4CE9-97A9-293BDA69317E}.Release|Any CPU.ActiveCfg = Release|Any CPU
		{75B341D2-45D8-4CE9-97A9-293BDA69317E}.Release|Any CPU.Build.0 = Release|Any CPU
	EndGlobalSection
	GlobalSection(SolutionProperties) = preSolution
		HideSolutionNode = FALSE
	EndGlobalSection
	GlobalSection(ExtensibilityGlobals) = postSolution
		SolutionGuid = {1274E83A-D2D8-45A5-86AD-B2BC145AC9DD}
	EndGlobalSection
EndGlobal
